
Microsoft Visual Studio Solution File, Format Version 12.00
# Visual Studio Version 17
VisualStudioVersion = 17.8.34316.72
MinimumVisualStudioVersion = 10.0.40219.1
Project("{8BC9CEB8-8B4A-11D0-8D11-00A0C91BC942}") = "Basic_game", "Basic_game\Basic_game.vcxproj", "{EF97C154-35EC-4D4A-AE73-7C1428CC866B}"
EndProject
Global
	GlobalSection(SolutionConfigurationPlatforms) = preSolution
		Debug|x64 = Debug|x64
		Debug|x86 = Debug|x86
		Release|x64 = Release|x64
		Release|x86 = Release|x86
	EndGlobalSection
	GlobalSection(ProjectConfigurationPlatforms) = postSolution
		{EF97C154-35EC-4D4A-AE73-7C1428CC866B}.Debug|x64.ActiveCfg = Debug|x64
		{EF97C154-35EC-4D4A-AE73-7C1428CC866B}.Debug|x64.Build.0 = Debug|x64
		{EF97C154-35EC-4D4A-AE73-7C1428CC866B}.Debug|x86.ActiveCfg = Debug|Win32
		{EF97C154-35EC-4D4A-AE73-7C1428CC866B}.Debug|x86.Build.0 = Debug|Win32
		{EF97C154-35EC-4D4A-AE73-7C1428CC866B}.Release|x64.ActiveCfg = Release|x64
		{EF97C154-35EC-4D4A-AE73-7C1428CC866B}.Release|x64.Build.0 = Release|x64
		{EF97C154-35EC-4D4A-AE73-7C1428CC866B}.Release|x86.ActiveCfg = Release|Win32
		{EF97C154-35EC-4D4A-AE73-7C1428CC866B}.Release|x86.Build.0 = Release|Win32
	EndGlobalSection
	GlobalSection(SolutionProperties) = preSolution
		HideSolutionNode = FALSE
	EndGlobalSection
	GlobalSection(ExtensibilityGlobals) = postSolution
		SolutionGuid = {1DC118B0-F6DF-4841-AC11-AD41E0B4149E}
	EndGlobalSection
EndGlobal
